// !$*UTF8*$!
{
	archiveVersion = 1;
	classes = {
	};
	objectVersion = 46;
	objects = {

/* Begin PBXBuildFile section */
		7B6D5BD01C18EB3F00D16672 /* AppDelegate.swift in Sources */ = {isa = PBXBuildFile; fileRef = 7B6D5BCF1C18EB3F00D16672 /* AppDelegate.swift */; };
		7B6D5BD21C18EB3F00D16672 /* ViewController.swift in Sources */ = {isa = PBXBuildFile; fileRef = 7B6D5BD11C18EB3F00D16672 /* ViewController.swift */; };
		7B6D5BD51C18EB3F00D16672 /* Main.storyboard in Resources */ = {isa = PBXBuildFile; fileRef = 7B6D5BD31C18EB3F00D16672 /* Main.storyboard */; };
		7B6D5BD71C18EB3F00D16672 /* Assets.xcassets in Resources */ = {isa = PBXBuildFile; fileRef = 7B6D5BD61C18EB3F00D16672 /* Assets.xcassets */; };
		7B6D5BDA1C18EB3F00D16672 /* LaunchScreen.storyboard in Resources */ = {isa = PBXBuildFile; fileRef = 7B6D5BD81C18EB3F00D16672 /* LaunchScreen.storyboard */; };
/* End PBXBuildFile section */

/* Begin PBXFileReference section */
		7B6D5BCC1C18EB3F00D16672 /* TableView-Colors.app */ = {isa = PBXFileReference; explicitFileType = wrapper.application; includeInIndex = 0; path = "TableView-Colors.app"; sourceTree = BUILT_PRODUCTS_DIR; };
		7B6D5BCF1C18EB3F00D16672 /* AppDelegate.swift */ = {isa = PBXFileReference; lastKnownFileType = sourcecode.swift; path = AppDelegate.swift; sourceTree = "<group>"; };
		7B6D5BD11C18EB3F00D16672 /* ViewController.swift */ = {isa = PBXFileReference; lastKnownFileType = sourcecode.swift; path = ViewController.swift; sourceTree = "<group>"; };
		7B6D5BD41C18EB3F00D16672 /* Base */ = {isa = PBXFileReference; lastKnownFileType = file.storyboard; name = Base; path = Base.lproj/Main.storyboard; sourceTree = "<group>"; };
		7B6D5BD61C18EB3F00D16672 /* Assets.xcassets */ = {isa = PBXFileReference; lastKnownFileType = folder.assetcatalog; path = Assets.xcassets; sourceTree = "<group>"; };
		7B6D5BD91C18EB3F00D16672 /* Base */ = {isa = PBXFileReference; lastKnownFileType = file.storyboard; name = Base; path = Base.lproj/LaunchScreen.storyboard; sourceTree = "<group>"; };
		7B6D5BDB1C18EB3F00D16672 /* Info.plist */ = {isa = PBXFileReference; lastKnownFileType = text.plist.xml; path = Info.plist; sourceTree = "<group>"; };
/* End PBXFileReference section */

/* Begin PBXFrameworksBuildPhase section */
		7B6D5BC91C18EB3F00D16672 /* Frameworks */ = {
			isa = PBXFrameworksBuildPhase;
			buildActionMask = 2147483647;
			files = (
			);
			runOnlyForDeploymentPostprocessing = 0;
		};
/* End PBXFrameworksBuildPhase section */

/* Begin PBXGroup section */
		7B6D5BC31C18EB3E00D16672 = {
			isa = PBXGroup;
			children = (
				7B6D5BCE1C18EB3F00D16672 /* TableView-Colors */,
				7B6D5BCD1C18EB3F00D16672 /* Products */,
			);
			sourceTree = "<group>";
		};
		7B6D5BCD1C18EB3F00D16672 /* Products */ = {
			isa = PBXGroup;
			children = (
				7B6D5BCC1C18EB3F00D16672 /* TableView-Colors.app */,
			);
			name = Products;
			sourceTree = "<group>";
		};
		7B6D5BCE1C18EB3F00D16672 /* TableView-Colors */ = {
			isa = PBXGroup;
			children = (
				7B6D5BCF1C18EB3F00D16672 /* AppDelegate.swift */,
				7B6D5BD11C18EB3F00D16672 /* ViewController.swift */,
				7B6D5BD31C18EB3F00D16672 /* Main.storyboard */,
				7B6D5BD61C18EB3F00D16672 /* Assets.xcassets */,
				7B6D5BD81C18EB3F00D16672 /* LaunchScreen.storyboard */,
				7B6D5BDB1C18EB3F00D16672 /* Info.plist */,
			);
			path = "TableView-Colors";
			sourceTree = "<group>";
		};
/* End PBXGroup section */

/* Begin PBXNativeTarget section */
		7B6D5BCB1C18EB3F00D16672 /* TableView-Colors */ = {
			isa = PBXNativeTarget;
			buildConfigurationList = 7B6D5BDE1C18EB3F00D16672 /* Build configuration list for PBXNativeTarget "TableView-Colors" */;
			buildPhases = (
				7B6D5BC81C18EB3F00D16672 /* Sources */,
				7B6D5BC91C18EB3F00D16672 /* Frameworks */,
				7B6D5BCA1C18EB3F00D16672 /* Resources */,
			);
			buildRules = (
			);
			dependencies = (
			);
			name = "TableView-Colors";
			productName = "TableView-Colors";
			productReference = 7B6D5BCC1C18EB3F00D16672 /* TableView-Colors.app */;
			productType = "com.apple.product-type.application";
		};
/* End PBXNativeTarget section */

/* Begin PBXProject section */
		7B6D5BC41C18EB3E00D16672 /* Project object */ = {
			isa = PBXProject;
			attributes = {
				LastSwiftUpdateCheck = 0710;
				LastUpgradeCheck = 0710;
				ORGANIZATIONNAME = "mitchell hudson";
				TargetAttributes = {
					7B6D5BCB1C18EB3F00D16672 = {
						CreatedOnToolsVersion = 7.1.1;
					};
				};
			};
			buildConfigurationList = 7B6D5BC71C18EB3E00D16672 /* Build configuration list for PBXProject "TableView-Colors" */;
			compatibilityVersion = "Xcode 3.2";
			developmentRegion = English;
			hasScannedForEncodings = 0;
			knownRegions = (
				en,
				Base,
			);
			mainGroup = 7B6D5BC31C18EB3E00D16672;
			productRefGroup = 7B6D5BCD1C18EB3F00D16672 /* Products */;
			projectDirPath = "";
			projectRoot = "";
			targets = (
				7B6D5BCB1C18EB3F00D16672 /* TableView-Colors */,
			);
		};
/* End PBXProject section */

/* Begin PBXResourcesBuildPhase section */
		7B6D5BCA1C18EB3F00D16672 /* Resources */ = {
			isa = PBXResourcesBuildPhase;
			buildActionMask = 2147483647;
			files = (
				7B6D5BDA1C18EB3F00D16672 /* LaunchScreen.storyboard in Resources */,
				7B6D5BD71C18EB3F00D16672 /* Assets.xcassets in Resources */,
				7B6D5BD51C18EB3F00D16672 /* Main.storyboard in Resources */,
			);
			runOnlyForDeploymentPostprocessing = 0;
		};
/* End PBXResourcesBuildPhase section */

/* Begin PBXSourcesBuildPhase section */
		7B6D5BC81C18EB3F00D16672 /* Sources */ = {
			isa = PBXSourcesBuildPhase;
			buildActionMask = 2147483647;
			files = (
				7B6D5BD21C18EB3F00D16672 /* ViewController.swift in Sources */,
				7B6D5BD01C18EB3F00D16672 /* AppDelegate.swift in Sources */,
			);
			runOnlyForDeploymentPostprocessing = 0;
		};
/* End PBXSourcesBuildPhase section */

/* Begin PBXVariantGroup section */
		7B6D5BD31C18EB3F00D16672 /* Main.storyboard */ = {
			isa = PBXVariantGroup;
			children = (
				7B6D5BD41C18EB3F00D16672 /* Base */,
			);
			name = Main.storyboard;
			sourceTree = "<group>";
		};
		7B6D5BD81C18EB3F00D16672 /* LaunchScreen.storyboard */ = {
			isa = PBXVariantGroup;
			children = (
				7B6D5BD91C18EB3F00D16672 /* Base */,
			);
			name = LaunchScreen.storyboard;
			sourceTree = "<group>";
		};
/* End PBXVariantGroup section */

/* Begin XCBuildConfiguration section */
		7B6D5BDC1C18EB3F00D16672 /* Debug */ = {
			isa = XCBuildConfiguration;
			buildSettings = {
				ALWAYS_SEARCH_USER_PATHS = NO;
				CLANG_CXX_LANGUAGE_STANDARD = "gnu++0x";
				CLANG_CXX_LIBRARY = "libc++";
				CLANG_ENABLE_MODULES = YES;
				CLANG_ENABLE_OBJC_ARC = YES;
				CLANG_WARN_BOOL_CONVERSION = YES;
				CLANG_WARN_CONSTANT_CONVERSION = YES;
				CLANG_WARN_DIRECT_OBJC_ISA_USAGE = YES_ERROR;
				CLANG_WARN_EMPTY_BODY = YES;
				CLANG_WARN_ENUM_CONVERSION = YES;
				CLANG_WARN_INT_CONVERSION = YES;
				CLANG_WARN_OBJC_ROOT_CLASS = YES_ERROR;
				CLANG_WARN_UNREACHABLE_CODE = YES;
				CLANG_WARN__DUPLICATE_METHOD_MATCH = YES;
				"CODE_SIGN_IDENTITY[sdk=iphoneos*]" = "iPhone Developer";
				COPY_PHASE_STRIP = NO;
				DEBUG_INFORMATION_FORMAT = dwarf;
				ENABLE_STRICT_OBJC_MSGSEND = YES;
				ENABLE_TESTABILITY = YES;
				GCC_C_LANGUAGE_STANDARD = gnu99;
				GCC_DYNAMIC_NO_PIC = NO;
				GCC_NO_COMMON_BLOCKS = YES;
				GCC_OPTIMIZATION_LEVEL = 0;
				GCC_PREPROCESSOR_DEFINITIONS = (
					"DEBUG=1",
					"$(inherited)",
				);
				GCC_WARN_64_TO_32_BIT_CONVERSION = YES;
				GCC_WARN_ABOUT_RETURN_TYPE = YES_ERROR;
				GCC_WARN_UNDECLARED_SELECTOR = YES;
				GCC_WARN_UNINITIALIZED_AUTOS = YES_AGGRESSIVE;
				GCC_WARN_UNUSED_FUNCTION = YES;
				GCC_WARN_UNUSED_VARIABLE = YES;
				IPHONEOS_DEPLOYMENT_TARGET = 9.1;
				MTL_ENABLE_DEBUG_INFO = YES;
				ONLY_ACTIVE_ARCH = YES;
				SDKROOT = iphoneos;
				SWIFT_OPTIMIZATION_LEVEL = "-Onone";
			};
			name = Debug;
		};
		7B6D5BDD1C18EB3F00D16672 /* Release */ = {
			isa = XCBuildConfiguration;
			buildSettings = {
				ALWAYS_SEARCH_USER_PATHS = NO;
				CLANG_CXX_LANGUAGE_STANDARD = "gnu++0x";
				CLANG_CXX_LIBRARY = "libc++";
				CLANG_ENABLE_MODULES = YES;
				CLANG_ENABLE_OBJC_ARC = YES;
				CLANG_WARN_BOOL_CONVERSION = YES;
				CLANG_WARN_CONSTANT_CONVERSION = YES;
				CLANG_WARN_DIRECT_OBJC_ISA_USAGE = YES_ERROR;
				CLANG_WARN_EMPTY_BODY = YES;
				CLANG_WARN_ENUM_CONVERSION = YES;
				CLANG_WARN_INT_CONVERSION = YES;
				CLANG_WARN_OBJC_ROOT_CLASS = YES_ERROR;
				CLANG_WARN_UNREACHABLE_CODE = YES;
				CLANG_WARN__DUPLICATE_METHOD_MATCH = YES;
				"CODE_SIGN_IDENTITY[sdk=iphoneos*]" = "iPhone Developer";
				COPY_PHASE_STRIP = NO;
				DEBUG_INFORMATION_FORMAT = "dwarf-with-dsym";
				ENABLE_NS_ASSERTIONS = NO;
				ENABLE_STRICT_OBJC_MSGSEND = YES;
				GCC_C_LANGUAGE_STANDARD = gnu99;
				GCC_NO_COMMON_BLOCKS = YES;
				GCC_WARN_64_TO_32_BIT_CONVERSION = YES;
				GCC_WARN_ABOUT_RETURN_TYPE = YES_ERROR;
				GCC_WARN_UNDECLARED_SELECTOR = YES;
				GCC_WARN_UNINITIALIZED_AUTOS = YES_AGGRESSIVE;
				GCC_WARN_UNUSED_FUNCTION = YES;
				GCC_WARN_UNUSED_VARIABLE = YES;
				IPHONEOS_DEPLOYMENT_TARGET = 9.1;
				MTL_ENABLE_DEBUG_INFO = NO;
				SDKROOT = iphoneos;
				VALIDATE_PRODUCT = YES;
			};
			name = Release;
		};
		7B6D5BDF1C18EB3F00D16672 /* Debug */ = {
			isa = XCBuildConfiguration;
			buildSettings = {
				ASSETCATALOG_COMPILER_APPICON_NAME = AppIcon;
				INFOPLIST_FILE = "TableView-Colors/Info.plist";
				LD_RUNPATH_SEARCH_PATHS = "$(inherited) @executable_path/Frameworks";
				PRODUCT_BUNDLE_IDENTIFIER = "com.webdevils.TableView-Colors";
				PRODUCT_NAME = "$(TARGET_NAME)";
			};
			name = Debug;
		};
		7B6D5BE01C18EB3F00D16672 /* Release */ = {
			isa = XCBuildConfiguration;
			buildSettings = {
				ASSETCATALOG_COMPILER_APPICON_NAME = AppIcon;
				INFOPLIST_FILE = "TableView-Colors/Info.plist";
				LD_RUNPATH_SEARCH_PATHS = "$(inherited) @executable_path/Frameworks";
				PRODUCT_BUNDLE_IDENTIFIER = "com.webdevils.TableView-Colors";
				PRODUCT_NAME = "$(TARGET_NAME)";
			};
			name = Release;
		};
/* End XCBuildConfiguration section */

/* Begin XCConfigurationList section */
		7B6D5BC71C18EB3E00D16672 /* Build configuration list for PBXProject "TableView-Colors" */ = {
			isa = XCConfigurationList;
			buildConfigurations = (
				7B6D5BDC1C18EB3F00D16672 /* Debug */,
				7B6D5BDD1C18EB3F00D16672 /* Release */,
			);
			defaultConfigurationIsVisible = 0;
			defaultConfigurationName = Release;
		};
		7B6D5BDE1C18EB3F00D16672 /* Build configuration list for PBXNativeTarget "TableView-Colors" */ = {
			isa = XCConfigurationList;
			buildConfigurations = (
				7B6D5BDF1C18EB3F00D16672 /* Debug */,
				7B6D5BE01C18EB3F00D16672 /* Release */,
			);
			defaultConfigurationIsVisible = 0;
		};
/* End XCConfigurationList section */
	};
	rootObject = 7B6D5BC41C18EB3E00D16672 /* Project object */;
}
